
Microsoft Visual Studio Solution File, Format Version 12.00
# Visual Studio 15
VisualStudioVersion = 15.0.28307.572
MinimumVisualStudioVersion = 10.0.40219.1
Project("{FAE04EC0-301F-11D3-BF4B-00C04F79EFBC}") = "GZipTest", "GZipTest\GZipTest.csproj", "{3A93930D-C62C-477A-AD6F-3734342852C3}"
EndProject
Project("{FAE04EC0-301F-11D3-BF4B-00C04F79EFBC}") = "Tests", "Tests\Tests.csproj", "{95C52A5F-9FAF-49A9-9AEF-95F1388BE28D}"
EndProject
Global
	GlobalSection(SolutionConfigurationPlatforms) = preSolution
		Debug|Any CPU = Debug|Any CPU
		Release|Any CPU = Release|Any CPU
	EndGlobalSection
	GlobalSection(ProjectConfigurationPlatforms) = postSolution
		{3A93930D-C62C-477A-AD6F-3734342852C3}.Debug|Any CPU.ActiveCfg = Debug|Any CPU
		{3A93930D-C62C-477A-AD6F-3734342852C3}.Debug|Any CPU.Build.0 = Debug|Any CPU
		{3A93930D-C62C-477A-AD6F-3734342852C3}.Release|Any CPU.ActiveCfg = Release|Any CPU
		{3A93930D-C62C-477A-AD6F-3734342852C3}.Release|Any CPU.Build.0 = Release|Any CPU
		{95C52A5F-9FAF-49A9-9AEF-95F1388BE28D}.Debug|Any CPU.ActiveCfg = Debug|Any CPU
		{95C52A5F-9FAF-49A9-9AEF-95F1388BE28D}.Debug|Any CPU.Build.0 = Debug|Any CPU
		{95C52A5F-9FAF-49A9-9AEF-95F1388BE28D}.Release|Any CPU.ActiveCfg = Release|Any CPU
		{95C52A5F-9FAF-49A9-9AEF-95F1388BE28D}.Release|Any CPU.Build.0 = Release|Any CPU
	EndGlobalSection
	GlobalSection(SolutionProperties) = preSolution
		HideSolutionNode = FALSE
	EndGlobalSection
	GlobalSection(ExtensibilityGlobals) = postSolution
		SolutionGuid = {E25D513F-CC0B-4778-BCA1-40FFA918344C}
	EndGlobalSection
EndGlobal
